// !$*UTF8*$!
{
	archiveVersion = 1;
	classes = {
	};
	objectVersion = 56;
	objects = {

/* Begin PBXBuildFile section */
		FF9F1AF02949EB03004F3FA7 /* NetworkInterchangableAppApp.swift in Sources */ = {isa = PBXBuildFile; fileRef = FF9F1AEF2949EB03004F3FA7 /* NetworkInterchangableAppApp.swift */; };
		FF9F1AF22949EB03004F3FA7 /* ContentView.swift in Sources */ = {isa = PBXBuildFile; fileRef = FF9F1AF12949EB03004F3FA7 /* ContentView.swift */; };
		FF9F1AF42949EB04004F3FA7 /* Assets.xcassets in Resources */ = {isa = PBXBuildFile; fileRef = FF9F1AF32949EB04004F3FA7 /* Assets.xcassets */; };
		FF9F1AF72949EB04004F3FA7 /* Preview Assets.xcassets in Resources */ = {isa = PBXBuildFile; fileRef = FF9F1AF62949EB04004F3FA7 /* Preview Assets.xcassets */; };
		FF9F1AFF2949EB45004F3FA7 /* UserModel.swift in Sources */ = {isa = PBXBuildFile; fileRef = FF9F1AFE2949EB45004F3FA7 /* UserModel.swift */; };
		FF9F1B022949EB60004F3FA7 /* WebService.swift in Sources */ = {isa = PBXBuildFile; fileRef = FF9F1B012949EB60004F3FA7 /* WebService.swift */; };
		FF9F1B052949F12A004F3FA7 /* UserViewModel.swift in Sources */ = {isa = PBXBuildFile; fileRef = FF9F1B042949F12A004F3FA7 /* UserViewModel.swift */; };
		FF9F1B082949F23D004F3FA7 /* Constants.swift in Sources */ = {isa = PBXBuildFile; fileRef = FF9F1B072949F23D004F3FA7 /* Constants.swift */; };
		FFEACAED2950517800F519F3 /* users.json in Resources */ = {isa = PBXBuildFile; fileRef = FFEACAEC2950517800F519F3 /* users.json */; };
		FFEACAEF2950519A00F519F3 /* LocalService.swift in Sources */ = {isa = PBXBuildFile; fileRef = FFEACAEE2950519A00F519F3 /* LocalService.swift */; };
		FFEACAF12950694400F519F3 /* NetworkService.swift in Sources */ = {isa = PBXBuildFile; fileRef = FFEACAF02950694400F519F3 /* NetworkService.swift */; };
/* End PBXBuildFile section */

/* Begin PBXFileReference section */
		FF9F1AEC2949EB03004F3FA7 /* NetworkInterchangableApp.app */ = {isa = PBXFileReference; explicitFileType = wrapper.application; includeInIndex = 0; path = NetworkInterchangableApp.app; sourceTree = BUILT_PRODUCTS_DIR; };
		FF9F1AEF2949EB03004F3FA7 /* NetworkInterchangableAppApp.swift */ = {isa = PBXFileReference; lastKnownFileType = sourcecode.swift; path = NetworkInterchangableAppApp.swift; sourceTree = "<group>"; };
		FF9F1AF12949EB03004F3FA7 /* ContentView.swift */ = {isa = PBXFileReference; lastKnownFileType = sourcecode.swift; path = ContentView.swift; sourceTree = "<group>"; };
		FF9F1AF32949EB04004F3FA7 /* Assets.xcassets */ = {isa = PBXFileReference; lastKnownFileType = folder.assetcatalog; path = Assets.xcassets; sourceTree = "<group>"; };
		FF9F1AF62949EB04004F3FA7 /* Preview Assets.xcassets */ = {isa = PBXFileReference; lastKnownFileType = folder.assetcatalog; path = "Preview Assets.xcassets"; sourceTree = "<group>"; };
		FF9F1AFE2949EB45004F3FA7 /* UserModel.swift */ = {isa = PBXFileReference; lastKnownFileType = sourcecode.swift; path = UserModel.swift; sourceTree = "<group>"; };
		FF9F1B012949EB60004F3FA7 /* WebService.swift */ = {isa = PBXFileReference; lastKnownFileType = sourcecode.swift; path = WebService.swift; sourceTree = "<group>"; };
		FF9F1B042949F12A004F3FA7 /* UserViewModel.swift */ = {isa = PBXFileReference; lastKnownFileType = sourcecode.swift; path = UserViewModel.swift; sourceTree = "<group>"; };
		FF9F1B072949F23D004F3FA7 /* Constants.swift */ = {isa = PBXFileReference; lastKnownFileType = sourcecode.swift; path = Constants.swift; sourceTree = "<group>"; };
		FFEACAEC2950517800F519F3 /* users.json */ = {isa = PBXFileReference; fileEncoding = 4; lastKnownFileType = text.json; path = users.json; sourceTree = "<group>"; };
		FFEACAEE2950519A00F519F3 /* LocalService.swift */ = {isa = PBXFileReference; lastKnownFileType = sourcecode.swift; path = LocalService.swift; sourceTree = "<group>"; };
		FFEACAF02950694400F519F3 /* NetworkService.swift */ = {isa = PBXFileReference; lastKnownFileType = sourcecode.swift; path = NetworkService.swift; sourceTree = "<group>"; };
/* End PBXFileReference section */

/* Begin PBXFrameworksBuildPhase section */
		FF9F1AE92949EB03004F3FA7 /* Frameworks */ = {
			isa = PBXFrameworksBuildPhase;
			buildActionMask = 2147483647;
			files = (
			);
			runOnlyForDeploymentPostprocessing = 0;
		};
/* End PBXFrameworksBuildPhase section */

/* Begin PBXGroup section */
		FF9F1AE32949EB03004F3FA7 = {
			isa = PBXGroup;
			children = (
				FF9F1AEE2949EB03004F3FA7 /* NetworkInterchangableApp */,
				FF9F1AED2949EB03004F3FA7 /* Products */,
			);
			sourceTree = "<group>";
		};
		FF9F1AED2949EB03004F3FA7 /* Products */ = {
			isa = PBXGroup;
			children = (
				FF9F1AEC2949EB03004F3FA7 /* NetworkInterchangableApp.app */,
			);
			name = Products;
			sourceTree = "<group>";
		};
		FF9F1AEE2949EB03004F3FA7 /* NetworkInterchangableApp */ = {
			isa = PBXGroup;
			children = (
				FFEACAEC2950517800F519F3 /* users.json */,
				FF9F1B092949F74D004F3FA7 /* View */,
				FF9F1B062949F22A004F3FA7 /* Constants */,
				FF9F1B032949EB6E004F3FA7 /* ViewModel */,
				FF9F1B002949EB4E004F3FA7 /* Service */,
				FF9F1AFD2949EB38004F3FA7 /* Model */,
				FF9F1AF32949EB04004F3FA7 /* Assets.xcassets */,
				FF9F1AEF2949EB03004F3FA7 /* NetworkInterchangableAppApp.swift */,
				FF9F1AF52949EB04004F3FA7 /* Preview Content */,
			);
			path = NetworkInterchangableApp;
			sourceTree = "<group>";
		};
		FF9F1AF52949EB04004F3FA7 /* Preview Content */ = {
			isa = PBXGroup;
			children = (
				FF9F1AF62949EB04004F3FA7 /* Preview Assets.xcassets */,
			);
			path = "Preview Content";
			sourceTree = "<group>";
		};
		FF9F1AFD2949EB38004F3FA7 /* Model */ = {
			isa = PBXGroup;
			children = (
				FF9F1AFE2949EB45004F3FA7 /* UserModel.swift */,
			);
			path = Model;
			sourceTree = "<group>";
		};
		FF9F1B002949EB4E004F3FA7 /* Service */ = {
			isa = PBXGroup;
			children = (
				FF9F1B012949EB60004F3FA7 /* WebService.swift */,
				FFEACAEE2950519A00F519F3 /* LocalService.swift */,
				FFEACAF02950694400F519F3 /* NetworkService.swift */,
			);
			path = Service;
			sourceTree = "<group>";
		};
		FF9F1B032949EB6E004F3FA7 /* ViewModel */ = {
			isa = PBXGroup;
			children = (
				FF9F1B042949F12A004F3FA7 /* UserViewModel.swift */,
			);
			path = ViewModel;
			sourceTree = "<group>";
		};
		FF9F1B062949F22A004F3FA7 /* Constants */ = {
			isa = PBXGroup;
			children = (
				FF9F1B072949F23D004F3FA7 /* Constants.swift */,
			);
			path = Constants;
			sourceTree = "<group>";
		};
		FF9F1B092949F74D004F3FA7 /* View */ = {
			isa = PBXGroup;
			children = (
				FF9F1AF12949EB03004F3FA7 /* ContentView.swift */,
			);
			path = View;
			sourceTree = "<group>";
		};
/* End PBXGroup section */

/* Begin PBXNativeTarget section */
		FF9F1AEB2949EB03004F3FA7 /* NetworkInterchangableApp */ = {
			isa = PBXNativeTarget;
			buildConfigurationList = FF9F1AFA2949EB04004F3FA7 /* Build configuration list for PBXNativeTarget "NetworkInterchangableApp" */;
			buildPhases = (
				FF9F1AE82949EB03004F3FA7 /* Sources */,
				FF9F1AE92949EB03004F3FA7 /* Frameworks */,
				FF9F1AEA2949EB03004F3FA7 /* Resources */,
			);
			buildRules = (
			);
			dependencies = (
			);
			name = NetworkInterchangableApp;
			productName = NetworkInterchangableApp;
			productReference = FF9F1AEC2949EB03004F3FA7 /* NetworkInterchangableApp.app */;
			productType = "com.apple.product-type.application";
		};
/* End PBXNativeTarget section */

/* Begin PBXProject section */
		FF9F1AE42949EB03004F3FA7 /* Project object */ = {
			isa = PBXProject;
			attributes = {
				BuildIndependentTargetsInParallel = 1;
				LastSwiftUpdateCheck = 1400;
				LastUpgradeCheck = 1400;
				TargetAttributes = {
					FF9F1AEB2949EB03004F3FA7 = {
						CreatedOnToolsVersion = 14.0.1;
					};
				};
			};
			buildConfigurationList = FF9F1AE72949EB03004F3FA7 /* Build configuration list for PBXProject "NetworkInterchangableApp" */;
			compatibilityVersion = "Xcode 14.0";
			developmentRegion = en;
			hasScannedForEncodings = 0;
			knownRegions = (
				en,
				Base,
			);
			mainGroup = FF9F1AE32949EB03004F3FA7;
			productRefGroup = FF9F1AED2949EB03004F3FA7 /* Products */;
			projectDirPath = "";
			projectRoot = "";
			targets = (
				FF9F1AEB2949EB03004F3FA7 /* NetworkInterchangableApp */,
			);
		};
/* End PBXProject section */

/* Begin PBXResourcesBuildPhase section */
		FF9F1AEA2949EB03004F3FA7 /* Resources */ = {
			isa = PBXResourcesBuildPhase;
			buildActionMask = 2147483647;
			files = (
				FFEACAED2950517800F519F3 /* users.json in Resources */,
				FF9F1AF72949EB04004F3FA7 /* Preview Assets.xcassets in Resources */,
				FF9F1AF42949EB04004F3FA7 /* Assets.xcassets in Resources */,
			);
			runOnlyForDeploymentPostprocessing = 0;
		};
/* End PBXResourcesBuildPhase section */

/* Begin PBXSourcesBuildPhase section */
		FF9F1AE82949EB03004F3FA7 /* Sources */ = {
			isa = PBXSourcesBuildPhase;
			buildActionMask = 2147483647;
			files = (
				FF9F1AF22949EB03004F3FA7 /* ContentView.swift in Sources */,
				FF9F1AFF2949EB45004F3FA7 /* UserModel.swift in Sources */,
				FFEACAF12950694400F519F3 /* NetworkService.swift in Sources */,
				FF9F1B022949EB60004F3FA7 /* WebService.swift in Sources */,
				FF9F1B052949F12A004F3FA7 /* UserViewModel.swift in Sources */,
				FF9F1AF02949EB03004F3FA7 /* NetworkInterchangableAppApp.swift in Sources */,
				FFEACAEF2950519A00F519F3 /* LocalService.swift in Sources */,
				FF9F1B082949F23D004F3FA7 /* Constants.swift in Sources */,
			);
			runOnlyForDeploymentPostprocessing = 0;
		};
/* End PBXSourcesBuildPhase section */

/* Begin XCBuildConfiguration section */
		FF9F1AF82949EB04004F3FA7 /* Debug */ = {
			isa = XCBuildConfiguration;
			buildSettings = {
				ALWAYS_SEARCH_USER_PATHS = NO;
				CLANG_ANALYZER_NONNULL = YES;
				CLANG_ANALYZER_NUMBER_OBJECT_CONVERSION = YES_AGGRESSIVE;
				CLANG_CXX_LANGUAGE_STANDARD = "gnu++20";
				CLANG_ENABLE_MODULES = YES;
				CLANG_ENABLE_OBJC_ARC = YES;
				CLANG_ENABLE_OBJC_WEAK = YES;
				CLANG_WARN_BLOCK_CAPTURE_AUTORELEASING = YES;
				CLANG_WARN_BOOL_CONVERSION = YES;
				CLANG_WARN_COMMA = YES;
				CLANG_WARN_CONSTANT_CONVERSION = YES;
				CLANG_WARN_DEPRECATED_OBJC_IMPLEMENTATIONS = YES;
				CLANG_WARN_DIRECT_OBJC_ISA_USAGE = YES_ERROR;
				CLANG_WARN_DOCUMENTATION_COMMENTS = YES;
				CLANG_WARN_EMPTY_BODY = YES;
				CLANG_WARN_ENUM_CONVERSION = YES;
				CLANG_WARN_INFINITE_RECURSION = YES;
				CLANG_WARN_INT_CONVERSION = YES;
				CLANG_WARN_NON_LITERAL_NULL_CONVERSION = YES;
				CLANG_WARN_OBJC_IMPLICIT_RETAIN_SELF = YES;
				CLANG_WARN_OBJC_LITERAL_CONVERSION = YES;
				CLANG_WARN_OBJC_ROOT_CLASS = YES_ERROR;
				CLANG_WARN_QUOTED_INCLUDE_IN_FRAMEWORK_HEADER = YES;
				CLANG_WARN_RANGE_LOOP_ANALYSIS = YES;
				CLANG_WARN_STRICT_PROTOTYPES = YES;
				CLANG_WARN_SUSPICIOUS_MOVE = YES;
				CLANG_WARN_UNGUARDED_AVAILABILITY = YES_AGGRESSIVE;
				CLANG_WARN_UNREACHABLE_CODE = YES;
				CLANG_WARN__DUPLICATE_METHOD_MATCH = YES;
				COPY_PHASE_STRIP = NO;
				DEBUG_INFORMATION_FORMAT = dwarf;
				ENABLE_STRICT_OBJC_MSGSEND = YES;
				ENABLE_TESTABILITY = YES;
				GCC_C_LANGUAGE_STANDARD = gnu11;
				GCC_DYNAMIC_NO_PIC = NO;
				GCC_NO_COMMON_BLOCKS = YES;
				GCC_OPTIMIZATION_LEVEL = 0;
				GCC_PREPROCESSOR_DEFINITIONS = (
					"DEBUG=1",
					"$(inherited)",
				);
				GCC_WARN_64_TO_32_BIT_CONVERSION = YES;
				GCC_WARN_ABOUT_RETURN_TYPE = YES_ERROR;
				GCC_WARN_UNDECLARED_SELECTOR = YES;
				GCC_WARN_UNINITIALIZED_AUTOS = YES_AGGRESSIVE;
				GCC_WARN_UNUSED_FUNCTION = YES;
				GCC_WARN_UNUSED_VARIABLE = YES;
				IPHONEOS_DEPLOYMENT_TARGET = 16.0;
				MTL_ENABLE_DEBUG_INFO = INCLUDE_SOURCE;
				MTL_FAST_MATH = YES;
				ONLY_ACTIVE_ARCH = YES;
				SDKROOT = iphoneos;
				SWIFT_ACTIVE_COMPILATION_CONDITIONS = DEBUG;
				SWIFT_OPTIMIZATION_LEVEL = "-Onone";
			};
			name = Debug;
		};
		FF9F1AF92949EB04004F3FA7 /* Release */ = {
			isa = XCBuildConfiguration;
			buildSettings = {
				ALWAYS_SEARCH_USER_PATHS = NO;
				CLANG_ANALYZER_NONNULL = YES;
				CLANG_ANALYZER_NUMBER_OBJECT_CONVERSION = YES_AGGRESSIVE;
				CLANG_CXX_LANGUAGE_STANDARD = "gnu++20";
				CLANG_ENABLE_MODULES = YES;
				CLANG_ENABLE_OBJC_ARC = YES;
				CLANG_ENABLE_OBJC_WEAK = YES;
				CLANG_WARN_BLOCK_CAPTURE_AUTORELEASING = YES;
				CLANG_WARN_BOOL_CONVERSION = YES;
				CLANG_WARN_COMMA = YES;
				CLANG_WARN_CONSTANT_CONVERSION = YES;
				CLANG_WARN_DEPRECATED_OBJC_IMPLEMENTATIONS = YES;
				CLANG_WARN_DIRECT_OBJC_ISA_USAGE = YES_ERROR;
				CLANG_WARN_DOCUMENTATION_COMMENTS = YES;
				CLANG_WARN_EMPTY_BODY = YES;
				CLANG_WARN_ENUM_CONVERSION = YES;
				CLANG_WARN_INFINITE_RECURSION = YES;
				CLANG_WARN_INT_CONVERSION = YES;
				CLANG_WARN_NON_LITERAL_NULL_CONVERSION = YES;
				CLANG_WARN_OBJC_IMPLICIT_RETAIN_SELF = YES;
				CLANG_WARN_OBJC_LITERAL_CONVERSION = YES;
				CLANG_WARN_OBJC_ROOT_CLASS = YES_ERROR;
				CLANG_WARN_QUOTED_INCLUDE_IN_FRAMEWORK_HEADER = YES;
				CLANG_WARN_RANGE_LOOP_ANALYSIS = YES;
				CLANG_WARN_STRICT_PROTOTYPES = YES;
				CLANG_WARN_SUSPICIOUS_MOVE = YES;
				CLANG_WARN_UNGUARDED_AVAILABILITY = YES_AGGRESSIVE;
				CLANG_WARN_UNREACHABLE_CODE = YES;
				CLANG_WARN__DUPLICATE_METHOD_MATCH = YES;
				COPY_PHASE_STRIP = NO;
				DEBUG_INFORMATION_FORMAT = "dwarf-with-dsym";
				ENABLE_NS_ASSERTIONS = NO;
				ENABLE_STRICT_OBJC_MSGSEND = YES;
				GCC_C_LANGUAGE_STANDARD = gnu11;
				GCC_NO_COMMON_BLOCKS = YES;
				GCC_WARN_64_TO_32_BIT_CONVERSION = YES;
				GCC_WARN_ABOUT_RETURN_TYPE = YES_ERROR;
				GCC_WARN_UNDECLARED_SELECTOR = YES;
				GCC_WARN_UNINITIALIZED_AUTOS = YES_AGGRESSIVE;
				GCC_WARN_UNUSED_FUNCTION = YES;
				GCC_WARN_UNUSED_VARIABLE = YES;
				IPHONEOS_DEPLOYMENT_TARGET = 16.0;
				MTL_ENABLE_DEBUG_INFO = NO;
				MTL_FAST_MATH = YES;
				SDKROOT = iphoneos;
				SWIFT_COMPILATION_MODE = wholemodule;
				SWIFT_OPTIMIZATION_LEVEL = "-O";
				VALIDATE_PRODUCT = YES;
			};
			name = Release;
		};
		FF9F1AFB2949EB04004F3FA7 /* Debug */ = {
			isa = XCBuildConfiguration;
			buildSettings = {
				ASSETCATALOG_COMPILER_APPICON_NAME = AppIcon;
				ASSETCATALOG_COMPILER_GLOBAL_ACCENT_COLOR_NAME = AccentColor;
				CODE_SIGN_STYLE = Automatic;
				CURRENT_PROJECT_VERSION = 1;
				DEVELOPMENT_ASSET_PATHS = "\"NetworkInterchangableApp/Preview Content\"";
				DEVELOPMENT_TEAM = CJ8FXJHG5L;
				ENABLE_PREVIEWS = YES;
				GENERATE_INFOPLIST_FILE = YES;
				INFOPLIST_KEY_UIApplicationSceneManifest_Generation = YES;
				INFOPLIST_KEY_UIApplicationSupportsIndirectInputEvents = YES;
				INFOPLIST_KEY_UILaunchScreen_Generation = YES;
				INFOPLIST_KEY_UISupportedInterfaceOrientations_iPad = "UIInterfaceOrientationPortrait UIInterfaceOrientationPortraitUpsideDown UIInterfaceOrientationLandscapeLeft UIInterfaceOrientationLandscapeRight";
				INFOPLIST_KEY_UISupportedInterfaceOrientations_iPhone = "UIInterfaceOrientationPortrait UIInterfaceOrientationLandscapeLeft UIInterfaceOrientationLandscapeRight";
				LD_RUNPATH_SEARCH_PATHS = (
					"$(inherited)",
					"@executable_path/Frameworks",
				);
				MARKETING_VERSION = 1.0;
				PRODUCT_BUNDLE_IDENTIFIER = com.dogukanaydmr.NetworkInterchangableApp;
				PRODUCT_NAME = "$(TARGET_NAME)";
				SWIFT_EMIT_LOC_STRINGS = YES;
				SWIFT_VERSION = 5.0;
				TARGETED_DEVICE_FAMILY = "1,2";
			};
			name = Debug;
		};
		FF9F1AFC2949EB04004F3FA7 /* Release */ = {
			isa = XCBuildConfiguration;
			buildSettings = {
				ASSETCATALOG_COMPILER_APPICON_NAME = AppIcon;
				ASSETCATALOG_COMPILER_GLOBAL_ACCENT_COLOR_NAME = AccentColor;
				CODE_SIGN_STYLE = Automatic;
				CURRENT_PROJECT_VERSION = 1;
				DEVELOPMENT_ASSET_PATHS = "\"NetworkInterchangableApp/Preview Content\"";
				DEVELOPMENT_TEAM = CJ8FXJHG5L;
				ENABLE_PREVIEWS = YES;
				GENERATE_INFOPLIST_FILE = YES;
				INFOPLIST_KEY_UIApplicationSceneManifest_Generation = YES;
				INFOPLIST_KEY_UIApplicationSupportsIndirectInputEvents = YES;
				INFOPLIST_KEY_UILaunchScreen_Generation = YES;
				INFOPLIST_KEY_UISupportedInterfaceOrientations_iPad = "UIInterfaceOrientationPortrait UIInterfaceOrientationPortraitUpsideDown UIInterfaceOrientationLandscapeLeft UIInterfaceOrientationLandscapeRight";
				INFOPLIST_KEY_UISupportedInterfaceOrientations_iPhone = "UIInterfaceOrientationPortrait UIInterfaceOrientationLandscapeLeft UIInterfaceOrientationLandscapeRight";
				LD_RUNPATH_SEARCH_PATHS = (
					"$(inherited)",
					"@executable_path/Frameworks",
				);
				MARKETING_VERSION = 1.0;
				PRODUCT_BUNDLE_IDENTIFIER = com.dogukanaydmr.NetworkInterchangableApp;
				PRODUCT_NAME = "$(TARGET_NAME)";
				SWIFT_EMIT_LOC_STRINGS = YES;
				SWIFT_VERSION = 5.0;
				TARGETED_DEVICE_FAMILY = "1,2";
			};
			name = Release;
		};
/* End XCBuildConfiguration section */

/* Begin XCConfigurationList section */
		FF9F1AE72949EB03004F3FA7 /* Build configuration list for PBXProject "NetworkInterchangableApp" */ = {
			isa = XCConfigurationList;
			buildConfigurations = (
				FF9F1AF82949EB04004F3FA7 /* Debug */,
				FF9F1AF92949EB04004F3FA7 /* Release */,
			);
			defaultConfigurationIsVisible = 0;
			defaultConfigurationName = Release;
		};
		FF9F1AFA2949EB04004F3FA7 /* Build configuration list for PBXNativeTarget "NetworkInterchangableApp" */ = {
			isa = XCConfigurationList;
			buildConfigurations = (
				FF9F1AFB2949EB04004F3FA7 /* Debug */,
				FF9F1AFC2949EB04004F3FA7 /* Release */,
			);
			defaultConfigurationIsVisible = 0;
			defaultConfigurationName = Release;
		};
/* End XCConfigurationList section */
	};
	rootObject = FF9F1AE42949EB03004F3FA7 /* Project object */;
}
